
Microsoft Visual Studio Solution File, Format Version 12.00
# Visual Studio Version 16
VisualStudioVersion = 16.0.31005.135
MinimumVisualStudioVersion = 10.0.40219.1
Project("{FAE04EC0-301F-11D3-BF4B-00C04F79EFBC}") = "MustafaToDoList1", "MustafaToDoList1\MustafaToDoList1.csproj", "{F247EDBF-584C-472B-B531-0BDB00517076}"
EndProject
Global
	GlobalSection(SolutionConfigurationPlatforms) = preSolution
		Debug|Any CPU = Debug|Any CPU
		Release|Any CPU = Release|Any CPU
	EndGlobalSection
	GlobalSection(ProjectConfigurationPlatforms) = postSolution
		{F247EDBF-584C-472B-B531-0BDB00517076}.Debug|Any CPU.ActiveCfg = Debug|Any CPU
		{F247EDBF-584C-472B-B531-0BDB00517076}.Debug|Any CPU.Build.0 = Debug|Any CPU
		{F247EDBF-584C-472B-B531-0BDB00517076}.Release|Any CPU.ActiveCfg = Release|Any CPU
		{F247EDBF-584C-472B-B531-0BDB00517076}.Release|Any CPU.Build.0 = Release|Any CPU
	EndGlobalSection
	GlobalSection(SolutionProperties) = preSolution
		HideSolutionNode = FALSE
	EndGlobalSection
	GlobalSection(ExtensibilityGlobals) = postSolution
		SolutionGuid = {EAAA8FA8-D223-4F73-9F31-248C9DEAE3AA}
	EndGlobalSection
EndGlobal
